
Microsoft Visual Studio Solution File, Format Version 12.00
Project("{2150E333-8FDC-42A3-9474-1A3956D46DE8}") = "APIs", "APIs", "{74AF5DC1-9BD9-4DF8-8DFE-212A2962B2A2}"
EndProject
Project("{FAE04EC0-301F-11D3-BF4B-00C04F79EFBC}") = "MariaDb.API", "APIs\MariaDb.API\MariaDb.API.csproj", "{BCF13782-ED02-4399-8D12-755C8183704D}"
EndProject
Project("{2150E333-8FDC-42A3-9474-1A3956D46DE8}") = "Frontend", "Frontend", "{404ED7D5-5997-4900-ADE2-1758370920D9}"
EndProject
Project("{FAE04EC0-301F-11D3-BF4B-00C04F79EFBC}") = "Angular.WebUI", "Frontend\Angular.WebUI\Angular.WebUI.csproj", "{8FAA0511-3FB8-45A4-8CDF-2AAD0DA1C290}"
EndProject
Project("{2150E333-8FDC-42A3-9474-1A3956D46DE8}") = "Identity", "Identity", "{0B9921BF-FAFE-46AA-92E8-EFFB65C86056}"
EndProject
Project("{FAE04EC0-301F-11D3-BF4B-00C04F79EFBC}") = "MongoDb.API", "APIs\MongoDb.API\MongoDb.API.csproj", "{54E40672-F9B5-496F-98B9-599BF3A4BC9D}"
EndProject
Project("{FAE04EC0-301F-11D3-BF4B-00C04F79EFBC}") = "GoogleSheetsAPI", "APIs\GoogleSheetsAPI\GoogleSheetsAPI.csproj", "{9174BD54-7E4E-4709-A96A-B0731B03E805}"
EndProject
Project("{FAE04EC0-301F-11D3-BF4B-00C04F79EFBC}") = "Duende.Identity.App", "Identity\Duende.Identity.App\Duende.Identity.App.csproj", "{78C46C1B-4DDB-49E9-A81E-041FD620C852}"
EndProject
Global
	GlobalSection(SolutionConfigurationPlatforms) = preSolution
		Debug|Any CPU = Debug|Any CPU
		Release|Any CPU = Release|Any CPU
	EndGlobalSection
	GlobalSection(NestedProjects) = preSolution
		{BCF13782-ED02-4399-8D12-755C8183704D} = {74AF5DC1-9BD9-4DF8-8DFE-212A2962B2A2}
		{8FAA0511-3FB8-45A4-8CDF-2AAD0DA1C290} = {404ED7D5-5997-4900-ADE2-1758370920D9}
		{54E40672-F9B5-496F-98B9-599BF3A4BC9D} = {74AF5DC1-9BD9-4DF8-8DFE-212A2962B2A2}
		{9174BD54-7E4E-4709-A96A-B0731B03E805} = {74AF5DC1-9BD9-4DF8-8DFE-212A2962B2A2}
		{78C46C1B-4DDB-49E9-A81E-041FD620C852} = {0B9921BF-FAFE-46AA-92E8-EFFB65C86056}
	EndGlobalSection
	GlobalSection(ProjectConfigurationPlatforms) = postSolution
		{BCF13782-ED02-4399-8D12-755C8183704D}.Debug|Any CPU.ActiveCfg = Debug|Any CPU
		{BCF13782-ED02-4399-8D12-755C8183704D}.Debug|Any CPU.Build.0 = Debug|Any CPU
		{BCF13782-ED02-4399-8D12-755C8183704D}.Release|Any CPU.ActiveCfg = Release|Any CPU
		{BCF13782-ED02-4399-8D12-755C8183704D}.Release|Any CPU.Build.0 = Release|Any CPU
		{8FAA0511-3FB8-45A4-8CDF-2AAD0DA1C290}.Debug|Any CPU.ActiveCfg = Debug|Any CPU
		{8FAA0511-3FB8-45A4-8CDF-2AAD0DA1C290}.Debug|Any CPU.Build.0 = Debug|Any CPU
		{8FAA0511-3FB8-45A4-8CDF-2AAD0DA1C290}.Release|Any CPU.ActiveCfg = Release|Any CPU
		{8FAA0511-3FB8-45A4-8CDF-2AAD0DA1C290}.Release|Any CPU.Build.0 = Release|Any CPU
		{54E40672-F9B5-496F-98B9-599BF3A4BC9D}.Debug|Any CPU.ActiveCfg = Debug|Any CPU
		{54E40672-F9B5-496F-98B9-599BF3A4BC9D}.Debug|Any CPU.Build.0 = Debug|Any CPU
		{54E40672-F9B5-496F-98B9-599BF3A4BC9D}.Release|Any CPU.ActiveCfg = Release|Any CPU
		{54E40672-F9B5-496F-98B9-599BF3A4BC9D}.Release|Any CPU.Build.0 = Release|Any CPU
		{9174BD54-7E4E-4709-A96A-B0731B03E805}.Debug|Any CPU.ActiveCfg = Debug|Any CPU
		{9174BD54-7E4E-4709-A96A-B0731B03E805}.Debug|Any CPU.Build.0 = Debug|Any CPU
		{9174BD54-7E4E-4709-A96A-B0731B03E805}.Release|Any CPU.ActiveCfg = Release|Any CPU
		{9174BD54-7E4E-4709-A96A-B0731B03E805}.Release|Any CPU.Build.0 = Release|Any CPU
		{78C46C1B-4DDB-49E9-A81E-041FD620C852}.Debug|Any CPU.ActiveCfg = Debug|Any CPU
		{78C46C1B-4DDB-49E9-A81E-041FD620C852}.Debug|Any CPU.Build.0 = Debug|Any CPU
		{78C46C1B-4DDB-49E9-A81E-041FD620C852}.Release|Any CPU.ActiveCfg = Release|Any CPU
		{78C46C1B-4DDB-49E9-A81E-041FD620C852}.Release|Any CPU.Build.0 = Release|Any CPU
	EndGlobalSection
EndGlobal
